
Microsoft Visual Studio Solution File, Format Version 12.00
# Visual Studio Version 17
VisualStudioVersion = 17.7.34024.191
MinimumVisualStudioVersion = 10.0.40219.1
Project("{2150E333-8FDC-42A3-9474-1A3956D46DE8}") = "services", "services", "{182BF501-91B5-4AB5-B588-88A583D62E2E}"
EndProject
Project("{9A19103F-16F7-4668-BE54-9A1E7A4F7556}") = "OnlineShop.IdentityService", "OnlineShop.IdentityService\OnlineShop.IdentityService.csproj", "{F598041C-02D6-49D8-9D74-98464F0E6320}"
EndProject
Project("{9A19103F-16F7-4668-BE54-9A1E7A4F7556}") = "OnlineShop.Library", "OnlineShop.Library\OnlineShop.Library.csproj", "{46790EBA-E251-403E-A68F-8D4D11670D55}"
EndProject
Project("{FAE04EC0-301F-11D3-BF4B-00C04F79EFBC}") = "OnlineShop.UserManagementService", "OnlineShop.UserManagementService\OnlineShop.UserManagementService.csproj", "{67C807CE-364D-4959-B104-E6F3EF06BC31}"
EndProject
Global
	GlobalSection(SolutionConfigurationPlatforms) = preSolution
		Debug|Any CPU = Debug|Any CPU
		Release|Any CPU = Release|Any CPU
	EndGlobalSection
	GlobalSection(ProjectConfigurationPlatforms) = postSolution
		{F598041C-02D6-49D8-9D74-98464F0E6320}.Debug|Any CPU.ActiveCfg = Debug|Any CPU
		{F598041C-02D6-49D8-9D74-98464F0E6320}.Debug|Any CPU.Build.0 = Debug|Any CPU
		{F598041C-02D6-49D8-9D74-98464F0E6320}.Release|Any CPU.ActiveCfg = Release|Any CPU
		{F598041C-02D6-49D8-9D74-98464F0E6320}.Release|Any CPU.Build.0 = Release|Any CPU
		{46790EBA-E251-403E-A68F-8D4D11670D55}.Debug|Any CPU.ActiveCfg = Debug|Any CPU
		{46790EBA-E251-403E-A68F-8D4D11670D55}.Debug|Any CPU.Build.0 = Debug|Any CPU
		{46790EBA-E251-403E-A68F-8D4D11670D55}.Release|Any CPU.ActiveCfg = Release|Any CPU
		{46790EBA-E251-403E-A68F-8D4D11670D55}.Release|Any CPU.Build.0 = Release|Any CPU
		{67C807CE-364D-4959-B104-E6F3EF06BC31}.Debug|Any CPU.ActiveCfg = Debug|Any CPU
		{67C807CE-364D-4959-B104-E6F3EF06BC31}.Debug|Any CPU.Build.0 = Debug|Any CPU
		{67C807CE-364D-4959-B104-E6F3EF06BC31}.Release|Any CPU.ActiveCfg = Release|Any CPU
		{67C807CE-364D-4959-B104-E6F3EF06BC31}.Release|Any CPU.Build.0 = Release|Any CPU
	EndGlobalSection
	GlobalSection(SolutionProperties) = preSolution
		HideSolutionNode = FALSE
	EndGlobalSection
	GlobalSection(NestedProjects) = preSolution
		{F598041C-02D6-49D8-9D74-98464F0E6320} = {182BF501-91B5-4AB5-B588-88A583D62E2E}
		{67C807CE-364D-4959-B104-E6F3EF06BC31} = {182BF501-91B5-4AB5-B588-88A583D62E2E}
	EndGlobalSection
	GlobalSection(ExtensibilityGlobals) = postSolution
		SolutionGuid = {CD648EE5-EEC7-4E3D-90D5-858139738648}
	EndGlobalSection
EndGlobal
